
Microsoft Visual Studio Solution File, Format Version 12.00
# Visual Studio Version 16
VisualStudioVersion = 16.0.30523.141
MinimumVisualStudioVersion = 10.0.40219.1
Project("{9A19103F-16F7-4668-BE54-9A1E7A4F7556}") = "UserDatabase", "UserDatabase\UserDatabase.csproj", "{6817E132-774E-47B1-ABAC-89F10A84BD50}"
EndProject
Project("{FAE04EC0-301F-11D3-BF4B-00C04F79EFBC}") = "UserBaseLibrary", "UserBaseLibrary\UserBaseLibrary.csproj", "{032C3B5F-2F36-4256-8364-506B5130C410}"
EndProject
Global
	GlobalSection(SolutionConfigurationPlatforms) = preSolution
		Debug|Any CPU = Debug|Any CPU
		Release|Any CPU = Release|Any CPU
	EndGlobalSection
	GlobalSection(ProjectConfigurationPlatforms) = postSolution
		{6817E132-774E-47B1-ABAC-89F10A84BD50}.Debug|Any CPU.ActiveCfg = Debug|Any CPU
		{6817E132-774E-47B1-ABAC-89F10A84BD50}.Debug|Any CPU.Build.0 = Debug|Any CPU
		{6817E132-774E-47B1-ABAC-89F10A84BD50}.Release|Any CPU.ActiveCfg = Release|Any CPU
		{6817E132-774E-47B1-ABAC-89F10A84BD50}.Release|Any CPU.Build.0 = Release|Any CPU
		{032C3B5F-2F36-4256-8364-506B5130C410}.Debug|Any CPU.ActiveCfg = Debug|Any CPU
		{032C3B5F-2F36-4256-8364-506B5130C410}.Debug|Any CPU.Build.0 = Debug|Any CPU
		{032C3B5F-2F36-4256-8364-506B5130C410}.Release|Any CPU.ActiveCfg = Release|Any CPU
		{032C3B5F-2F36-4256-8364-506B5130C410}.Release|Any CPU.Build.0 = Release|Any CPU
	EndGlobalSection
	GlobalSection(SolutionProperties) = preSolution
		HideSolutionNode = FALSE
	EndGlobalSection
	GlobalSection(ExtensibilityGlobals) = postSolution
		SolutionGuid = {5F37B2EE-4B67-4381-B2B3-FB217502BF7D}
	EndGlobalSection
EndGlobal
