
Microsoft Visual Studio Solution File, Format Version 12.00
# Visual Studio Version 16
VisualStudioVersion = 16.0.28803.352
MinimumVisualStudioVersion = 10.0.40219.1
Project("{FAE04EC0-301F-11D3-BF4B-00C04F79EFBC}") = "Real-Numbers", "Real-Numbers\Real-Numbers.csproj", "{BA542551-C2B9-4243-AE4E-ADDC22FC5FF7}"
EndProject
Global
	GlobalSection(SolutionConfigurationPlatforms) = preSolution
		Debug|Any CPU = Debug|Any CPU
		Release|Any CPU = Release|Any CPU
	EndGlobalSection
	GlobalSection(ProjectConfigurationPlatforms) = postSolution
		{BA542551-C2B9-4243-AE4E-ADDC22FC5FF7}.Debug|Any CPU.ActiveCfg = Debug|Any CPU
		{BA542551-C2B9-4243-AE4E-ADDC22FC5FF7}.Debug|Any CPU.Build.0 = Debug|Any CPU
		{BA542551-C2B9-4243-AE4E-ADDC22FC5FF7}.Release|Any CPU.ActiveCfg = Release|Any CPU
		{BA542551-C2B9-4243-AE4E-ADDC22FC5FF7}.Release|Any CPU.Build.0 = Release|Any CPU
	EndGlobalSection
	GlobalSection(SolutionProperties) = preSolution
		HideSolutionNode = FALSE
	EndGlobalSection
	GlobalSection(ExtensibilityGlobals) = postSolution
		SolutionGuid = {EE121C25-744B-4219-A50C-6ADB04962236}
	EndGlobalSection
EndGlobal
