
Microsoft Visual Studio Solution File, Format Version 12.00
# Visual Studio Version 16
VisualStudioVersion = 16.0.30523.141
MinimumVisualStudioVersion = 10.0.40219.1
Project("{FAE04EC0-301F-11D3-BF4B-00C04F79EFBC}") = "Reminder", "Reminder\Reminder.csproj", "{0DF71626-B928-4915-A676-10D99C73B70C}"
EndProject
Global
	GlobalSection(SolutionConfigurationPlatforms) = preSolution
		Debug|Any CPU = Debug|Any CPU
		Release|Any CPU = Release|Any CPU
	EndGlobalSection
	GlobalSection(ProjectConfigurationPlatforms) = postSolution
		{0DF71626-B928-4915-A676-10D99C73B70C}.Debug|Any CPU.ActiveCfg = Debug|Any CPU
		{0DF71626-B928-4915-A676-10D99C73B70C}.Debug|Any CPU.Build.0 = Debug|Any CPU
		{0DF71626-B928-4915-A676-10D99C73B70C}.Release|Any CPU.ActiveCfg = Release|Any CPU
		{0DF71626-B928-4915-A676-10D99C73B70C}.Release|Any CPU.Build.0 = Release|Any CPU
	EndGlobalSection
	GlobalSection(SolutionProperties) = preSolution
		HideSolutionNode = FALSE
	EndGlobalSection
	GlobalSection(ExtensibilityGlobals) = postSolution
		SolutionGuid = {79654029-5084-437D-B456-47E7C8367080}
	EndGlobalSection
EndGlobal
