
Microsoft Visual Studio Solution File, Format Version 12.00
# Visual Studio Version 16
VisualStudioVersion = 16.0.30804.86
MinimumVisualStudioVersion = 10.0.40219.1
Project("{9A19103F-16F7-4668-BE54-9A1E7A4F7556}") = "Reminder.App", "Reminder.App\Reminder.App.csproj", "{2531E5A2-1D05-4781-8BE7-80E599806C73}"
EndProject
Project("{9A19103F-16F7-4668-BE54-9A1E7A4F7556}") = "Reminder.Domain", "Reminder.Domain\Reminder.Domain.csproj", "{DB068E26-2BDF-4EF7-B97E-14FBCF1048EE}"
EndProject
Project("{9A19103F-16F7-4668-BE54-9A1E7A4F7556}") = "Reminder.Domain.Tests", "Reminder.Domain.Tests\Reminder.Domain.Tests.csproj", "{9AC8EE41-8D7E-4E59-B90C-6C674B6F38C2}"
EndProject
Project("{9A19103F-16F7-4668-BE54-9A1E7A4F7556}") = "Reminder.Parsing", "Reminder.Parsing\Reminder.Parsing.csproj", "{461DA1FE-0EBB-471B-A584-0AC460CFE29F}"
EndProject
Project("{9A19103F-16F7-4668-BE54-9A1E7A4F7556}") = "Reminder.Receiver.Core", "Reminder.Receiver.Core\Reminder.Receiver.Core.csproj", "{35752041-2913-49EC-A13A-CDC6A4AB725B}"
EndProject
Project("{9A19103F-16F7-4668-BE54-9A1E7A4F7556}") = "Reminder.Receiver.Telegram", "Reminder.Receiver.Telegram\Reminder.Receiver.Telegram.csproj", "{D5BFFAEE-AC8E-44D6-8775-A4BF324DB05B}"
EndProject
Project("{9A19103F-16F7-4668-BE54-9A1E7A4F7556}") = "Reminder.Sender.Core", "Reminder.Sender.Core\Reminder.Sender.Core.csproj", "{99E86C1C-E3F6-4542-A1C3-DB5D8F15B022}"
EndProject
Project("{9A19103F-16F7-4668-BE54-9A1E7A4F7556}") = "Reminder.Sender.Telegram", "Reminder.Sender.Telegram\Reminder.Sender.Telegram.csproj", "{5A925D3E-3122-4C53-BE27-3C83F07336E4}"
EndProject
Global
	GlobalSection(SolutionConfigurationPlatforms) = preSolution
		Debug|Any CPU = Debug|Any CPU
		Release|Any CPU = Release|Any CPU
	EndGlobalSection
	GlobalSection(ProjectConfigurationPlatforms) = postSolution
		{2531E5A2-1D05-4781-8BE7-80E599806C73}.Debug|Any CPU.ActiveCfg = Debug|Any CPU
		{2531E5A2-1D05-4781-8BE7-80E599806C73}.Debug|Any CPU.Build.0 = Debug|Any CPU
		{2531E5A2-1D05-4781-8BE7-80E599806C73}.Release|Any CPU.ActiveCfg = Release|Any CPU
		{2531E5A2-1D05-4781-8BE7-80E599806C73}.Release|Any CPU.Build.0 = Release|Any CPU
		{DB068E26-2BDF-4EF7-B97E-14FBCF1048EE}.Debug|Any CPU.ActiveCfg = Debug|Any CPU
		{DB068E26-2BDF-4EF7-B97E-14FBCF1048EE}.Debug|Any CPU.Build.0 = Debug|Any CPU
		{DB068E26-2BDF-4EF7-B97E-14FBCF1048EE}.Release|Any CPU.ActiveCfg = Release|Any CPU
		{DB068E26-2BDF-4EF7-B97E-14FBCF1048EE}.Release|Any CPU.Build.0 = Release|Any CPU
		{9AC8EE41-8D7E-4E59-B90C-6C674B6F38C2}.Debug|Any CPU.ActiveCfg = Debug|Any CPU
		{9AC8EE41-8D7E-4E59-B90C-6C674B6F38C2}.Debug|Any CPU.Build.0 = Debug|Any CPU
		{9AC8EE41-8D7E-4E59-B90C-6C674B6F38C2}.Release|Any CPU.ActiveCfg = Release|Any CPU
		{9AC8EE41-8D7E-4E59-B90C-6C674B6F38C2}.Release|Any CPU.Build.0 = Release|Any CPU
		{461DA1FE-0EBB-471B-A584-0AC460CFE29F}.Debug|Any CPU.ActiveCfg = Debug|Any CPU
		{461DA1FE-0EBB-471B-A584-0AC460CFE29F}.Debug|Any CPU.Build.0 = Debug|Any CPU
		{461DA1FE-0EBB-471B-A584-0AC460CFE29F}.Release|Any CPU.ActiveCfg = Release|Any CPU
		{461DA1FE-0EBB-471B-A584-0AC460CFE29F}.Release|Any CPU.Build.0 = Release|Any CPU
		{35752041-2913-49EC-A13A-CDC6A4AB725B}.Debug|Any CPU.ActiveCfg = Debug|Any CPU
		{35752041-2913-49EC-A13A-CDC6A4AB725B}.Debug|Any CPU.Build.0 = Debug|Any CPU
		{35752041-2913-49EC-A13A-CDC6A4AB725B}.Release|Any CPU.ActiveCfg = Release|Any CPU
		{35752041-2913-49EC-A13A-CDC6A4AB725B}.Release|Any CPU.Build.0 = Release|Any CPU
		{D5BFFAEE-AC8E-44D6-8775-A4BF324DB05B}.Debug|Any CPU.ActiveCfg = Debug|Any CPU
		{D5BFFAEE-AC8E-44D6-8775-A4BF324DB05B}.Debug|Any CPU.Build.0 = Debug|Any CPU
		{D5BFFAEE-AC8E-44D6-8775-A4BF324DB05B}.Release|Any CPU.ActiveCfg = Release|Any CPU
		{D5BFFAEE-AC8E-44D6-8775-A4BF324DB05B}.Release|Any CPU.Build.0 = Release|Any CPU
		{99E86C1C-E3F6-4542-A1C3-DB5D8F15B022}.Debug|Any CPU.ActiveCfg = Debug|Any CPU
		{99E86C1C-E3F6-4542-A1C3-DB5D8F15B022}.Debug|Any CPU.Build.0 = Debug|Any CPU
		{99E86C1C-E3F6-4542-A1C3-DB5D8F15B022}.Release|Any CPU.ActiveCfg = Release|Any CPU
		{99E86C1C-E3F6-4542-A1C3-DB5D8F15B022}.Release|Any CPU.Build.0 = Release|Any CPU
		{5A925D3E-3122-4C53-BE27-3C83F07336E4}.Debug|Any CPU.ActiveCfg = Debug|Any CPU
		{5A925D3E-3122-4C53-BE27-3C83F07336E4}.Debug|Any CPU.Build.0 = Debug|Any CPU
		{5A925D3E-3122-4C53-BE27-3C83F07336E4}.Release|Any CPU.ActiveCfg = Release|Any CPU
		{5A925D3E-3122-4C53-BE27-3C83F07336E4}.Release|Any CPU.Build.0 = Release|Any CPU
	EndGlobalSection
	GlobalSection(SolutionProperties) = preSolution
		HideSolutionNode = FALSE
	EndGlobalSection
	GlobalSection(ExtensibilityGlobals) = postSolution
		SolutionGuid = {8B2A3399-7618-455D-972B-159086337A73}
	EndGlobalSection
EndGlobal
