
Microsoft Visual Studio Solution File, Format Version 12.00
# Visual Studio Version 16
VisualStudioVersion = 16.0.30621.155
MinimumVisualStudioVersion = 10.0.40219.1
Project("{9A19103F-16F7-4668-BE54-9A1E7A4F7556}") = "Reminder.Storage.Core", "Reminder.Storage.Core\Reminder.Storage.Core.csproj", "{8CD5906F-89E6-484C-A6FB-E00BA9948942}"
EndProject
Project("{9A19103F-16F7-4668-BE54-9A1E7A4F7556}") = "Reminder.Storage.InMemory", "Reminder.Storage.InMemory\Reminder.Storage.InMemory.csproj", "{57E0872A-CD39-46F8-B5F9-191724E2183A}"
EndProject
Project("{9A19103F-16F7-4668-BE54-9A1E7A4F7556}") = "Reminder.TestApp", "Reminder.TestApp\Reminder.TestApp.csproj", "{2DC16D1B-55E5-4966-BD46-242F521D9055}"
EndProject
Project("{9A19103F-16F7-4668-BE54-9A1E7A4F7556}") = "Reminder.Storage.Core.Tests", "Reminder.Storage.Core.Tests\Reminder.Storage.Core.Tests.csproj", "{B4B8855D-7F1C-414F-A8D3-39484908CEE0}"
EndProject
Project("{9A19103F-16F7-4668-BE54-9A1E7A4F7556}") = "Reminder.Storage.InMemory.Tests", "Reminder.Storage.InMemory.Tests\Reminder.Storage.InMemory.Tests.csproj", "{748C4B54-BE5F-4658-9DAA-61C35A71A0F9}"
EndProject
Project("{9A19103F-16F7-4668-BE54-9A1E7A4F7556}") = "Reminder.Domain", "Storage.Domain.Reminder.Domain\Reminder.Domain.csproj", "{A0CE6F5E-0277-4795-9942-49332696D502}"
EndProject
Project("{9A19103F-16F7-4668-BE54-9A1E7A4F7556}") = "Reminder.Domain.Tests", "Reminder.Domain.Tests\Reminder.Domain.Tests.csproj", "{8175E9A6-4487-4AF8-837E-41B9F3061F13}"
EndProject
Project("{9A19103F-16F7-4668-BE54-9A1E7A4F7556}") = "Reminder.Sender.Core", "Reminder.Sender.Core\Reminder.Sender.Core.csproj", "{6C380A87-E676-4D78-A3E5-D9A9BD746DCF}"
EndProject
Project("{9A19103F-16F7-4668-BE54-9A1E7A4F7556}") = "Reminder.Sender.Telegram", "Reminder.Sender.Telegram\Reminder.Sender.Telegram.csproj", "{A95E9395-4F15-4EB0-897E-84C5F10E88B6}"
EndProject
Project("{9A19103F-16F7-4668-BE54-9A1E7A4F7556}") = "Reminder.Receiver.Core", "Reminder.Receiver.Core\Reminder.Receiver.Core.csproj", "{2EFD86FA-D46B-48C2-880A-D732420007D0}"
EndProject
Project("{9A19103F-16F7-4668-BE54-9A1E7A4F7556}") = "Reminder.Receiver.Telegram", "Reminder.Receiver.Telegram\Reminder.Receiver.Telegram.csproj", "{891797A6-DCCD-4D47-B03C-CFE3714964F4}"
EndProject
Project("{FAE04EC0-301F-11D3-BF4B-00C04F79EFBC}") = "Reminder.Parsing", "Reminder.Parsing\Reminder.Parsing.csproj", "{BCCEBD01-F300-4CB7-9C95-968EA64260D5}"
EndProject
Global
	GlobalSection(SolutionConfigurationPlatforms) = preSolution
		Debug|Any CPU = Debug|Any CPU
		Release|Any CPU = Release|Any CPU
	EndGlobalSection
	GlobalSection(ProjectConfigurationPlatforms) = postSolution
		{8CD5906F-89E6-484C-A6FB-E00BA9948942}.Debug|Any CPU.ActiveCfg = Debug|Any CPU
		{8CD5906F-89E6-484C-A6FB-E00BA9948942}.Debug|Any CPU.Build.0 = Debug|Any CPU
		{8CD5906F-89E6-484C-A6FB-E00BA9948942}.Release|Any CPU.ActiveCfg = Release|Any CPU
		{8CD5906F-89E6-484C-A6FB-E00BA9948942}.Release|Any CPU.Build.0 = Release|Any CPU
		{57E0872A-CD39-46F8-B5F9-191724E2183A}.Debug|Any CPU.ActiveCfg = Debug|Any CPU
		{57E0872A-CD39-46F8-B5F9-191724E2183A}.Debug|Any CPU.Build.0 = Debug|Any CPU
		{57E0872A-CD39-46F8-B5F9-191724E2183A}.Release|Any CPU.ActiveCfg = Release|Any CPU
		{57E0872A-CD39-46F8-B5F9-191724E2183A}.Release|Any CPU.Build.0 = Release|Any CPU
		{2DC16D1B-55E5-4966-BD46-242F521D9055}.Debug|Any CPU.ActiveCfg = Debug|Any CPU
		{2DC16D1B-55E5-4966-BD46-242F521D9055}.Debug|Any CPU.Build.0 = Debug|Any CPU
		{2DC16D1B-55E5-4966-BD46-242F521D9055}.Release|Any CPU.ActiveCfg = Release|Any CPU
		{2DC16D1B-55E5-4966-BD46-242F521D9055}.Release|Any CPU.Build.0 = Release|Any CPU
		{B4B8855D-7F1C-414F-A8D3-39484908CEE0}.Debug|Any CPU.ActiveCfg = Debug|Any CPU
		{B4B8855D-7F1C-414F-A8D3-39484908CEE0}.Debug|Any CPU.Build.0 = Debug|Any CPU
		{B4B8855D-7F1C-414F-A8D3-39484908CEE0}.Release|Any CPU.ActiveCfg = Release|Any CPU
		{B4B8855D-7F1C-414F-A8D3-39484908CEE0}.Release|Any CPU.Build.0 = Release|Any CPU
		{748C4B54-BE5F-4658-9DAA-61C35A71A0F9}.Debug|Any CPU.ActiveCfg = Debug|Any CPU
		{748C4B54-BE5F-4658-9DAA-61C35A71A0F9}.Debug|Any CPU.Build.0 = Debug|Any CPU
		{748C4B54-BE5F-4658-9DAA-61C35A71A0F9}.Release|Any CPU.ActiveCfg = Release|Any CPU
		{748C4B54-BE5F-4658-9DAA-61C35A71A0F9}.Release|Any CPU.Build.0 = Release|Any CPU
		{A0CE6F5E-0277-4795-9942-49332696D502}.Debug|Any CPU.ActiveCfg = Debug|Any CPU
		{A0CE6F5E-0277-4795-9942-49332696D502}.Debug|Any CPU.Build.0 = Debug|Any CPU
		{A0CE6F5E-0277-4795-9942-49332696D502}.Release|Any CPU.ActiveCfg = Release|Any CPU
		{A0CE6F5E-0277-4795-9942-49332696D502}.Release|Any CPU.Build.0 = Release|Any CPU
		{8175E9A6-4487-4AF8-837E-41B9F3061F13}.Debug|Any CPU.ActiveCfg = Debug|Any CPU
		{8175E9A6-4487-4AF8-837E-41B9F3061F13}.Debug|Any CPU.Build.0 = Debug|Any CPU
		{8175E9A6-4487-4AF8-837E-41B9F3061F13}.Release|Any CPU.ActiveCfg = Release|Any CPU
		{8175E9A6-4487-4AF8-837E-41B9F3061F13}.Release|Any CPU.Build.0 = Release|Any CPU
		{6C380A87-E676-4D78-A3E5-D9A9BD746DCF}.Debug|Any CPU.ActiveCfg = Debug|Any CPU
		{6C380A87-E676-4D78-A3E5-D9A9BD746DCF}.Debug|Any CPU.Build.0 = Debug|Any CPU
		{6C380A87-E676-4D78-A3E5-D9A9BD746DCF}.Release|Any CPU.ActiveCfg = Release|Any CPU
		{6C380A87-E676-4D78-A3E5-D9A9BD746DCF}.Release|Any CPU.Build.0 = Release|Any CPU
		{A95E9395-4F15-4EB0-897E-84C5F10E88B6}.Debug|Any CPU.ActiveCfg = Debug|Any CPU
		{A95E9395-4F15-4EB0-897E-84C5F10E88B6}.Debug|Any CPU.Build.0 = Debug|Any CPU
		{A95E9395-4F15-4EB0-897E-84C5F10E88B6}.Release|Any CPU.ActiveCfg = Release|Any CPU
		{A95E9395-4F15-4EB0-897E-84C5F10E88B6}.Release|Any CPU.Build.0 = Release|Any CPU
		{2EFD86FA-D46B-48C2-880A-D732420007D0}.Debug|Any CPU.ActiveCfg = Debug|Any CPU
		{2EFD86FA-D46B-48C2-880A-D732420007D0}.Debug|Any CPU.Build.0 = Debug|Any CPU
		{2EFD86FA-D46B-48C2-880A-D732420007D0}.Release|Any CPU.ActiveCfg = Release|Any CPU
		{2EFD86FA-D46B-48C2-880A-D732420007D0}.Release|Any CPU.Build.0 = Release|Any CPU
		{891797A6-DCCD-4D47-B03C-CFE3714964F4}.Debug|Any CPU.ActiveCfg = Debug|Any CPU
		{891797A6-DCCD-4D47-B03C-CFE3714964F4}.Debug|Any CPU.Build.0 = Debug|Any CPU
		{891797A6-DCCD-4D47-B03C-CFE3714964F4}.Release|Any CPU.ActiveCfg = Release|Any CPU
		{891797A6-DCCD-4D47-B03C-CFE3714964F4}.Release|Any CPU.Build.0 = Release|Any CPU
		{BCCEBD01-F300-4CB7-9C95-968EA64260D5}.Debug|Any CPU.ActiveCfg = Debug|Any CPU
		{BCCEBD01-F300-4CB7-9C95-968EA64260D5}.Debug|Any CPU.Build.0 = Debug|Any CPU
		{BCCEBD01-F300-4CB7-9C95-968EA64260D5}.Release|Any CPU.ActiveCfg = Release|Any CPU
		{BCCEBD01-F300-4CB7-9C95-968EA64260D5}.Release|Any CPU.Build.0 = Release|Any CPU
	EndGlobalSection
	GlobalSection(SolutionProperties) = preSolution
		HideSolutionNode = FALSE
	EndGlobalSection
	GlobalSection(ExtensibilityGlobals) = postSolution
		SolutionGuid = {89107F4B-DAA1-4431-A7FD-9618555E0DDD}
	EndGlobalSection
EndGlobal
