
Microsoft Visual Studio Solution File, Format Version 12.00
# Visual Studio Version 16
VisualStudioVersion = 16.0.28803.202
MinimumVisualStudioVersion = 10.0.40219.1
Project("{FAE04EC0-301F-11D3-BF4B-00C04F79EFBC}") = "Data-Base", "Data-Base\Data-Base.csproj", "{D291000F-3364-4797-96D3-BD146D3BAF9B}"
EndProject
Global
	GlobalSection(SolutionConfigurationPlatforms) = preSolution
		Debug|Any CPU = Debug|Any CPU
		Release|Any CPU = Release|Any CPU
	EndGlobalSection
	GlobalSection(ProjectConfigurationPlatforms) = postSolution
		{D291000F-3364-4797-96D3-BD146D3BAF9B}.Debug|Any CPU.ActiveCfg = Debug|Any CPU
		{D291000F-3364-4797-96D3-BD146D3BAF9B}.Debug|Any CPU.Build.0 = Debug|Any CPU
		{D291000F-3364-4797-96D3-BD146D3BAF9B}.Release|Any CPU.ActiveCfg = Release|Any CPU
		{D291000F-3364-4797-96D3-BD146D3BAF9B}.Release|Any CPU.Build.0 = Release|Any CPU
	EndGlobalSection
	GlobalSection(SolutionProperties) = preSolution
		HideSolutionNode = FALSE
	EndGlobalSection
	GlobalSection(ExtensibilityGlobals) = postSolution
		SolutionGuid = {1ECB4F3E-DF79-44DF-BDA8-65A0C1A452D3}
	EndGlobalSection
EndGlobal
