
Microsoft Visual Studio Solution File, Format Version 12.00
# Visual Studio Version 16
VisualStudioVersion = 16.0.28803.202
MinimumVisualStudioVersion = 10.0.40219.1
Project("{FAE04EC0-301F-11D3-BF4B-00C04F79EFBC}") = "Litres-Counter", "Litres-Counter\Litres-Counter.csproj", "{A66205FA-0EF7-4C61-ACFC-59EF9FC2E255}"
EndProject
Global
	GlobalSection(SolutionConfigurationPlatforms) = preSolution
		Debug|Any CPU = Debug|Any CPU
		Release|Any CPU = Release|Any CPU
	EndGlobalSection
	GlobalSection(ProjectConfigurationPlatforms) = postSolution
		{A66205FA-0EF7-4C61-ACFC-59EF9FC2E255}.Debug|Any CPU.ActiveCfg = Debug|Any CPU
		{A66205FA-0EF7-4C61-ACFC-59EF9FC2E255}.Debug|Any CPU.Build.0 = Debug|Any CPU
		{A66205FA-0EF7-4C61-ACFC-59EF9FC2E255}.Release|Any CPU.ActiveCfg = Release|Any CPU
		{A66205FA-0EF7-4C61-ACFC-59EF9FC2E255}.Release|Any CPU.Build.0 = Release|Any CPU
	EndGlobalSection
	GlobalSection(SolutionProperties) = preSolution
		HideSolutionNode = FALSE
	EndGlobalSection
	GlobalSection(ExtensibilityGlobals) = postSolution
		SolutionGuid = {AAA04EC6-79AE-47B2-BDF1-E15FE8BA1C86}
	EndGlobalSection
EndGlobal
