
Microsoft Visual Studio Solution File, Format Version 12.00
# Visual Studio 15
VisualStudioVersion = 15.0.28307.438
MinimumVisualStudioVersion = 10.0.40219.1
Project("{FAE04EC0-301F-11D3-BF4B-00C04F79EFBC}") = "Homework-calculator", "Homework-calculator\Homework-calculator.csproj", "{8CFA39D5-E9A4-480C-9629-5F2C473664AB}"
EndProject
Global
	GlobalSection(SolutionConfigurationPlatforms) = preSolution
		Debug|Any CPU = Debug|Any CPU
		Release|Any CPU = Release|Any CPU
	EndGlobalSection
	GlobalSection(ProjectConfigurationPlatforms) = postSolution
		{8CFA39D5-E9A4-480C-9629-5F2C473664AB}.Debug|Any CPU.ActiveCfg = Debug|Any CPU
		{8CFA39D5-E9A4-480C-9629-5F2C473664AB}.Debug|Any CPU.Build.0 = Debug|Any CPU
		{8CFA39D5-E9A4-480C-9629-5F2C473664AB}.Release|Any CPU.ActiveCfg = Release|Any CPU
		{8CFA39D5-E9A4-480C-9629-5F2C473664AB}.Release|Any CPU.Build.0 = Release|Any CPU
	EndGlobalSection
	GlobalSection(SolutionProperties) = preSolution
		HideSolutionNode = FALSE
	EndGlobalSection
	GlobalSection(ExtensibilityGlobals) = postSolution
		SolutionGuid = {E5D8B3AB-3055-4C4C-A6D6-0383E3E7C3E0}
	EndGlobalSection
EndGlobal
